
Microsoft Visual Studio Solution File, Format Version 12.00
# Visual Studio 2017
Project("{FAE04EC0-301F-11D3-BF4B-00C04F79EFBC}") = "Hutan_Malam_Abal", "Hutan_Malam_Abal.csproj", "{F3C66725-FD11-387A-CE8E-A22C269ED195}"
EndProject
Project("{FAE04EC0-301F-11D3-BF4B-00C04F79EFBC}") = "Hutan_Malam_Abal.Plugins", "Hutan_Malam_Abal.Plugins.csproj", "{6027BAE9-87EB-DC06-5FF3-9DE4A2DCAA4F}"
EndProject
Project("{FAE04EC0-301F-11D3-BF4B-00C04F79EFBC}") = "Hutan_Malam_Abal.Editor", "Hutan_Malam_Abal.Editor.csproj", "{5FCF8025-52C1-D396-F8BC-0FBCF8AACCA8}"
EndProject
Project("{FAE04EC0-301F-11D3-BF4B-00C04F79EFBC}") = "Hutan_Malam_Abal.Editor.Plugins", "Hutan_Malam_Abal.Editor.Plugins.csproj", "{A53155C4-C0FE-140C-B67B-908CDB643FD3}"
EndProject
Global
	GlobalSection(SolutionConfigurationPlatforms) = preSolution
		Debug|Any CPU = Debug|Any CPU
		Release|Any CPU = Release|Any CPU
	EndGlobalSection
	GlobalSection(ProjectConfigurationPlatforms) = postSolution
		{F3C66725-FD11-387A-CE8E-A22C269ED195}.Debug|Any CPU.ActiveCfg = Debug|Any CPU
		{F3C66725-FD11-387A-CE8E-A22C269ED195}.Debug|Any CPU.Build.0 = Debug|Any CPU
		{F3C66725-FD11-387A-CE8E-A22C269ED195}.Release|Any CPU.ActiveCfg = Release|Any CPU
		{F3C66725-FD11-387A-CE8E-A22C269ED195}.Release|Any CPU.Build.0 = Release|Any CPU
		{6027BAE9-87EB-DC06-5FF3-9DE4A2DCAA4F}.Debug|Any CPU.ActiveCfg = Debug|Any CPU
		{6027BAE9-87EB-DC06-5FF3-9DE4A2DCAA4F}.Debug|Any CPU.Build.0 = Debug|Any CPU
		{6027BAE9-87EB-DC06-5FF3-9DE4A2DCAA4F}.Release|Any CPU.ActiveCfg = Release|Any CPU
		{6027BAE9-87EB-DC06-5FF3-9DE4A2DCAA4F}.Release|Any CPU.Build.0 = Release|Any CPU
		{5FCF8025-52C1-D396-F8BC-0FBCF8AACCA8}.Debug|Any CPU.ActiveCfg = Debug|Any CPU
		{5FCF8025-52C1-D396-F8BC-0FBCF8AACCA8}.Debug|Any CPU.Build.0 = Debug|Any CPU
		{5FCF8025-52C1-D396-F8BC-0FBCF8AACCA8}.Release|Any CPU.ActiveCfg = Release|Any CPU
		{5FCF8025-52C1-D396-F8BC-0FBCF8AACCA8}.Release|Any CPU.Build.0 = Release|Any CPU
		{A53155C4-C0FE-140C-B67B-908CDB643FD3}.Debug|Any CPU.ActiveCfg = Debug|Any CPU
		{A53155C4-C0FE-140C-B67B-908CDB643FD3}.Debug|Any CPU.Build.0 = Debug|Any CPU
		{A53155C4-C0FE-140C-B67B-908CDB643FD3}.Release|Any CPU.ActiveCfg = Release|Any CPU
		{A53155C4-C0FE-140C-B67B-908CDB643FD3}.Release|Any CPU.Build.0 = Release|Any CPU
	EndGlobalSection
	GlobalSection(SolutionProperties) = preSolution
		HideSolutionNode = FALSE
	EndGlobalSection
EndGlobal
